
Microsoft Visual Studio Solution File, Format Version 12.00
# Visual Studio Version 17
VisualStudioVersion = 17.9.34714.143
MinimumVisualStudioVersion = 10.0.40219.1
Project("{FAE04EC0-301F-11D3-BF4B-00C04F79EFBC}") = "ElectionForecaster.Api", "ElectionForecaster.Api\ElectionForecaster.Api.csproj", "{4E020806-0D32-4945-971B-A50799909683}"
EndProject
Project("{FAE04EC0-301F-11D3-BF4B-00C04F79EFBC}") = "ElectionForecaster.Core", "ElectionForecaster.Core\ElectionForecaster.Core.csproj", "{B1234567-1234-1234-1234-123456789ABC}"
EndProject
Project("{FAE04EC0-301F-11D3-BF4B-00C04F79EFBC}") = "ElectionForecaster.Infrastructure", "ElectionForecaster.Infrastructure\ElectionForecaster.Infrastructure.csproj", "{C1234567-1234-1234-1234-123456789DEF}"
EndProject
Project("{FAE04EC0-301F-11D3-BF4B-00C04F79EFBC}") = "ElectionForecaster.Backtest", "ElectionForecaster.Backtest\ElectionForecaster.Backtest.csproj", "{338264A7-6D2C-4DC4-A35C-32B9A338FA67}"
EndProject
Project("{FAE04EC0-301F-11D3-BF4B-00C04F79EFBC}") = "ElectionForecaster.MarketDiscovery", "ElectionForecaster.MarketDiscovery\ElectionForecaster.MarketDiscovery.csproj", "{8772D5D2-9E5B-4819-8221-1D4A10674E41}"
EndProject
Global
	GlobalSection(SolutionConfigurationPlatforms) = preSolution
		Debug|Any CPU = Debug|Any CPU
		Release|Any CPU = Release|Any CPU
	EndGlobalSection
	GlobalSection(ProjectConfigurationPlatforms) = postSolution
		{4E020806-0D32-4945-971B-A50799909683}.Debug|Any CPU.ActiveCfg = Debug|Any CPU
		{4E020806-0D32-4945-971B-A50799909683}.Debug|Any CPU.Build.0 = Debug|Any CPU
		{4E020806-0D32-4945-971B-A50799909683}.Release|Any CPU.ActiveCfg = Release|Any CPU
		{4E020806-0D32-4945-971B-A50799909683}.Release|Any CPU.Build.0 = Release|Any CPU
		{B1234567-1234-1234-1234-123456789ABC}.Debug|Any CPU.ActiveCfg = Debug|Any CPU
		{B1234567-1234-1234-1234-123456789ABC}.Debug|Any CPU.Build.0 = Debug|Any CPU
		{B1234567-1234-1234-1234-123456789ABC}.Release|Any CPU.ActiveCfg = Release|Any CPU
		{B1234567-1234-1234-1234-123456789ABC}.Release|Any CPU.Build.0 = Release|Any CPU
		{C1234567-1234-1234-1234-123456789DEF}.Debug|Any CPU.ActiveCfg = Debug|Any CPU
		{C1234567-1234-1234-1234-123456789DEF}.Debug|Any CPU.Build.0 = Debug|Any CPU
		{C1234567-1234-1234-1234-123456789DEF}.Release|Any CPU.ActiveCfg = Release|Any CPU
		{C1234567-1234-1234-1234-123456789DEF}.Release|Any CPU.Build.0 = Release|Any CPU
		{338264A7-6D2C-4DC4-A35C-32B9A338FA67}.Debug|Any CPU.ActiveCfg = Debug|Any CPU
		{338264A7-6D2C-4DC4-A35C-32B9A338FA67}.Debug|Any CPU.Build.0 = Debug|Any CPU
		{338264A7-6D2C-4DC4-A35C-32B9A338FA67}.Release|Any CPU.ActiveCfg = Release|Any CPU
		{338264A7-6D2C-4DC4-A35C-32B9A338FA67}.Release|Any CPU.Build.0 = Release|Any CPU
		{8772D5D2-9E5B-4819-8221-1D4A10674E41}.Debug|Any CPU.ActiveCfg = Debug|Any CPU
		{8772D5D2-9E5B-4819-8221-1D4A10674E41}.Debug|Any CPU.Build.0 = Debug|Any CPU
		{8772D5D2-9E5B-4819-8221-1D4A10674E41}.Release|Any CPU.ActiveCfg = Release|Any CPU
		{8772D5D2-9E5B-4819-8221-1D4A10674E41}.Release|Any CPU.Build.0 = Release|Any CPU
	EndGlobalSection
	GlobalSection(SolutionProperties) = preSolution
		HideSolutionNode = FALSE
	EndGlobalSection
	GlobalSection(ExtensibilityGlobals) = postSolution
		SolutionGuid = {824E7532-2DF2-4DE1-B1EE-D2FAA3F08752}
	EndGlobalSection
EndGlobal
